// !$*UTF8*$!
{
	archiveVersion = 1;
	classes = {
	};
	objectVersion = 46;
	objects = {

/* Begin PBXBuildFile section */
		2506F8205D037129DDBA00EF /* Pods_PhotoIdentifier.framework in Frameworks */ = {isa = PBXBuildFile; fileRef = 438DDCE5CFC46BDA38E88C4B /* Pods_PhotoIdentifier.framework */; };
		AB1878DC1F180464003C98D8 /* Dataservice.swift in Sources */ = {isa = PBXBuildFile; fileRef = AB1878DB1F180464003C98D8 /* Dataservice.swift */; };
		AB1878E11F18094A003C98D8 /* Constants.swift in Sources */ = {isa = PBXBuildFile; fileRef = AB1878E01F18094A003C98D8 /* Constants.swift */; };
		AB1878E31F180FBB003C98D8 /* HistoryViewController.swift in Sources */ = {isa = PBXBuildFile; fileRef = AB1878E21F180FBB003C98D8 /* HistoryViewController.swift */; };
		AB1878E61F181B3D003C98D8 /* Post.swift in Sources */ = {isa = PBXBuildFile; fileRef = AB1878E51F181B3D003C98D8 /* Post.swift */; };
		AB1878F01F182EFD003C98D8 /* TheCustomCell.swift in Sources */ = {isa = PBXBuildFile; fileRef = AB1878EF1F182EFD003C98D8 /* TheCustomCell.swift */; };
		AB1878F21F1848CC003C98D8 /* RoundView.swift in Sources */ = {isa = PBXBuildFile; fileRef = AB1878F11F1848CC003C98D8 /* RoundView.swift */; };
		AB3E16581F128E490084E672 /* AppDelegate.swift in Sources */ = {isa = PBXBuildFile; fileRef = AB3E16571F128E490084E672 /* AppDelegate.swift */; };
		AB3E165A1F128E490084E672 /* ViewController.swift in Sources */ = {isa = PBXBuildFile; fileRef = AB3E16591F128E490084E672 /* ViewController.swift */; };
		AB3E165D1F128E490084E672 /* Main.storyboard in Resources */ = {isa = PBXBuildFile; fileRef = AB3E165B1F128E490084E672 /* Main.storyboard */; };
		AB3E165F1F128E490084E672 /* Assets.xcassets in Resources */ = {isa = PBXBuildFile; fileRef = AB3E165E1F128E490084E672 /* Assets.xcassets */; };
		AB3E16621F128E490084E672 /* LaunchScreen.storyboard in Resources */ = {isa = PBXBuildFile; fileRef = AB3E16601F128E490084E672 /* LaunchScreen.storyboard */; };
		AB49667B1F16593900E54901 /* LoginViewController.swift in Sources */ = {isa = PBXBuildFile; fileRef = AB49667A1F16593900E54901 /* LoginViewController.swift */; };
		AB49667D1F16594300E54901 /* SignUpViewController.swift in Sources */ = {isa = PBXBuildFile; fileRef = AB49667C1F16594300E54901 /* SignUpViewController.swift */; };
		AB49667F1F16595200E54901 /* ResetPassWordViewController.swift in Sources */ = {isa = PBXBuildFile; fileRef = AB49667E1F16595200E54901 /* ResetPassWordViewController.swift */; };
		AB4966811F16740400E54901 /* GoogleService-Info.plist in Resources */ = {isa = PBXBuildFile; fileRef = AB4966801F16740400E54901 /* GoogleService-Info.plist */; };
/* End PBXBuildFile section */

/* Begin PBXFileReference section */
		0C8E70A7202F3664BA81F529 /* Pods-PhotoIdentifier.debug.xcconfig */ = {isa = PBXFileReference; includeInIndex = 1; lastKnownFileType = text.xcconfig; name = "Pods-PhotoIdentifier.debug.xcconfig"; path = "Pods/Target Support Files/Pods-PhotoIdentifier/Pods-PhotoIdentifier.debug.xcconfig"; sourceTree = "<group>"; };
		438DDCE5CFC46BDA38E88C4B /* Pods_PhotoIdentifier.framework */ = {isa = PBXFileReference; explicitFileType = wrapper.framework; includeInIndex = 0; path = Pods_PhotoIdentifier.framework; sourceTree = BUILT_PRODUCTS_DIR; };
		4B8B31374FF530BCFB01D211 /* Pods-PhotoIdentifier.release.xcconfig */ = {isa = PBXFileReference; includeInIndex = 1; lastKnownFileType = text.xcconfig; name = "Pods-PhotoIdentifier.release.xcconfig"; path = "Pods/Target Support Files/Pods-PhotoIdentifier/Pods-PhotoIdentifier.release.xcconfig"; sourceTree = "<group>"; };
		AB1878DB1F180464003C98D8 /* Dataservice.swift */ = {isa = PBXFileReference; fileEncoding = 4; lastKnownFileType = sourcecode.swift; path = Dataservice.swift; sourceTree = "<group>"; };
		AB1878E01F18094A003C98D8 /* Constants.swift */ = {isa = PBXFileReference; fileEncoding = 4; lastKnownFileType = sourcecode.swift; path = Constants.swift; sourceTree = "<group>"; };
		AB1878E21F180FBB003C98D8 /* HistoryViewController.swift */ = {isa = PBXFileReference; fileEncoding = 4; lastKnownFileType = sourcecode.swift; path = HistoryViewController.swift; sourceTree = "<group>"; };
		AB1878E51F181B3D003C98D8 /* Post.swift */ = {isa = PBXFileReference; fileEncoding = 4; lastKnownFileType = sourcecode.swift; path = Post.swift; sourceTree = "<group>"; };
		AB1878EF1F182EFD003C98D8 /* TheCustomCell.swift */ = {isa = PBXFileReference; fileEncoding = 4; lastKnownFileType = sourcecode.swift; path = TheCustomCell.swift; sourceTree = "<group>"; };
		AB1878F11F1848CC003C98D8 /* RoundView.swift */ = {isa = PBXFileReference; fileEncoding = 4; lastKnownFileType = sourcecode.swift; path = RoundView.swift; sourceTree = "<group>"; };
		AB3E16541F128E490084E672 /* PhotoIdentifier.app */ = {isa = PBXFileReference; explicitFileType = wrapper.application; includeInIndex = 0; path = PhotoIdentifier.app; sourceTree = BUILT_PRODUCTS_DIR; };
		AB3E16571F128E490084E672 /* AppDelegate.swift */ = {isa = PBXFileReference; lastKnownFileType = sourcecode.swift; path = AppDelegate.swift; sourceTree = "<group>"; };
		AB3E16591F128E490084E672 /* ViewController.swift */ = {isa = PBXFileReference; lastKnownFileType = sourcecode.swift; path = ViewController.swift; sourceTree = "<group>"; };
		AB3E165C1F128E490084E672 /* Base */ = {isa = PBXFileReference; lastKnownFileType = file.storyboard; name = Base; path = Base.lproj/Main.storyboard; sourceTree = "<group>"; };
		AB3E165E1F128E490084E672 /* Assets.xcassets */ = {isa = PBXFileReference; lastKnownFileType = folder.assetcatalog; path = Assets.xcassets; sourceTree = "<group>"; };
		AB3E16611F128E490084E672 /* Base */ = {isa = PBXFileReference; lastKnownFileType = file.storyboard; name = Base; path = Base.lproj/LaunchScreen.storyboard; sourceTree = "<group>"; };
		AB3E16631F128E490084E672 /* Info.plist */ = {isa = PBXFileReference; lastKnownFileType = text.plist.xml; path = Info.plist; sourceTree = "<group>"; };
		AB49667A1F16593900E54901 /* LoginViewController.swift */ = {isa = PBXFileReference; fileEncoding = 4; lastKnownFileType = sourcecode.swift; path = LoginViewController.swift; sourceTree = "<group>"; };
		AB49667C1F16594300E54901 /* SignUpViewController.swift */ = {isa = PBXFileReference; fileEncoding = 4; lastKnownFileType = sourcecode.swift; path = SignUpViewController.swift; sourceTree = "<group>"; };
		AB49667E1F16595200E54901 /* ResetPassWordViewController.swift */ = {isa = PBXFileReference; fileEncoding = 4; lastKnownFileType = sourcecode.swift; path = ResetPassWordViewController.swift; sourceTree = "<group>"; };
		AB4966801F16740400E54901 /* GoogleService-Info.plist */ = {isa = PBXFileReference; fileEncoding = 4; lastKnownFileType = text.plist.xml; path = "GoogleService-Info.plist"; sourceTree = "<group>"; };
/* End PBXFileReference section */

/* Begin PBXFrameworksBuildPhase section */
		AB3E16511F128E490084E672 /* Frameworks */ = {
			isa = PBXFrameworksBuildPhase;
			buildActionMask = 2147483647;
			files = (
				2506F8205D037129DDBA00EF /* Pods_PhotoIdentifier.framework in Frameworks */,
			);
			runOnlyForDeploymentPostprocessing = 0;
		};
/* End PBXFrameworksBuildPhase section */

/* Begin PBXGroup section */
		4B9EB8E5EB4E2F0C7DF762F1 /* Pods */ = {
			isa = PBXGroup;
			children = (
				0C8E70A7202F3664BA81F529 /* Pods-PhotoIdentifier.debug.xcconfig */,
				4B8B31374FF530BCFB01D211 /* Pods-PhotoIdentifier.release.xcconfig */,
			);
			name = Pods;
			sourceTree = "<group>";
		};
		94485C8608C0F4BDBD4A1428 /* Frameworks */ = {
			isa = PBXGroup;
			children = (
				438DDCE5CFC46BDA38E88C4B /* Pods_PhotoIdentifier.framework */,
			);
			name = Frameworks;
			sourceTree = "<group>";
		};
		AB1878DA1F180452003C98D8 /* Services */ = {
			isa = PBXGroup;
			children = (
				AB1878DB1F180464003C98D8 /* Dataservice.swift */,
			);
			name = Services;
			sourceTree = "<group>";
		};
		AB1878DD1F1808CF003C98D8 /* Utilities */ = {
			isa = PBXGroup;
			children = (
				AB1878E01F18094A003C98D8 /* Constants.swift */,
			);
			name = Utilities;
			sourceTree = "<group>";
		};
		AB1878E41F181B35003C98D8 /* Model */ = {
			isa = PBXGroup;
			children = (
				AB1878E51F181B3D003C98D8 /* Post.swift */,
			);
			name = Model;
			sourceTree = "<group>";
		};
		AB1878F31F184B49003C98D8 /* New Group */ = {
			isa = PBXGroup;
			children = (
			);
			name = "New Group";
			sourceTree = "<group>";
		};
		AB3E164B1F128E490084E672 = {
			isa = PBXGroup;
			children = (
				AB3E16561F128E490084E672 /* PhotoIdentifier */,
				AB3E16551F128E490084E672 /* Products */,
				4B9EB8E5EB4E2F0C7DF762F1 /* Pods */,
				94485C8608C0F4BDBD4A1428 /* Frameworks */,
			);
			sourceTree = "<group>";
		};
		AB3E16551F128E490084E672 /* Products */ = {
			isa = PBXGroup;
			children = (
				AB3E16541F128E490084E672 /* PhotoIdentifier.app */,
			);
			name = Products;
			sourceTree = "<group>";
		};
		AB3E16561F128E490084E672 /* PhotoIdentifier */ = {
			isa = PBXGroup;
			children = (
				AB1878F31F184B49003C98D8 /* New Group */,
				AB1878E41F181B35003C98D8 /* Model */,
				AB1878DA1F180452003C98D8 /* Services */,
				AB1878DD1F1808CF003C98D8 /* Utilities */,
				AB3E16571F128E490084E672 /* AppDelegate.swift */,
				AB3E16591F128E490084E672 /* ViewController.swift */,
				AB3E165B1F128E490084E672 /* Main.storyboard */,
				AB1878E21F180FBB003C98D8 /* HistoryViewController.swift */,
				AB49667C1F16594300E54901 /* SignUpViewController.swift */,
				AB49667E1F16595200E54901 /* ResetPassWordViewController.swift */,
				AB49667A1F16593900E54901 /* LoginViewController.swift */,
				AB3E165E1F128E490084E672 /* Assets.xcassets */,
				AB3E16601F128E490084E672 /* LaunchScreen.storyboard */,
				AB3E16631F128E490084E672 /* Info.plist */,
				AB4966801F16740400E54901 /* GoogleService-Info.plist */,
				AB1878EF1F182EFD003C98D8 /* TheCustomCell.swift */,
				AB1878F11F1848CC003C98D8 /* RoundView.swift */,
			);
			path = PhotoIdentifier;
			sourceTree = "<group>";
		};
/* End PBXGroup section */

/* Begin PBXNativeTarget section */
		AB3E16531F128E490084E672 /* PhotoIdentifier */ = {
			isa = PBXNativeTarget;
			buildConfigurationList = AB3E16661F128E490084E672 /* Build configuration list for PBXNativeTarget "PhotoIdentifier" */;
			buildPhases = (
				7800D94700AD987C7DECD2D3 /* [CP] Check Pods Manifest.lock */,
				AB3E16501F128E490084E672 /* Sources */,
				AB3E16511F128E490084E672 /* Frameworks */,
				AB3E16521F128E490084E672 /* Resources */,
				8C88E29719040C3E311FC007 /* [CP] Embed Pods Frameworks */,
				5717DAB21215086F7A14586A /* [CP] Copy Pods Resources */,
			);
			buildRules = (
			);
			dependencies = (
			);
			name = PhotoIdentifier;
			productName = PhotoIdentifier;
			productReference = AB3E16541F128E490084E672 /* PhotoIdentifier.app */;
			productType = "com.apple.product-type.application";
		};
/* End PBXNativeTarget section */

/* Begin PBXProject section */
		AB3E164C1F128E490084E672 /* Project object */ = {
			isa = PBXProject;
			attributes = {
				LastSwiftUpdateCheck = 0820;
				LastUpgradeCheck = 0820;
				ORGANIZATIONNAME = "JOSE PILAPIL";
				TargetAttributes = {
					AB3E16531F128E490084E672 = {
						CreatedOnToolsVersion = 8.2.1;
						DevelopmentTeam = LMZ6XS4843;
						ProvisioningStyle = Automatic;
					};
				};
			};
			buildConfigurationList = AB3E164F1F128E490084E672 /* Build configuration list for PBXProject "PhotoIdentifier" */;
			compatibilityVersion = "Xcode 3.2";
			developmentRegion = English;
			hasScannedForEncodings = 0;
			knownRegions = (
				en,
				Base,
			);
			mainGroup = AB3E164B1F128E490084E672;
			productRefGroup = AB3E16551F128E490084E672 /* Products */;
			projectDirPath = "";
			projectRoot = "";
			targets = (
				AB3E16531F128E490084E672 /* PhotoIdentifier */,
			);
		};
/* End PBXProject section */

/* Begin PBXResourcesBuildPhase section */
		AB3E16521F128E490084E672 /* Resources */ = {
			isa = PBXResourcesBuildPhase;
			buildActionMask = 2147483647;
			files = (
				AB3E16621F128E490084E672 /* LaunchScreen.storyboard in Resources */,
				AB4966811F16740400E54901 /* GoogleService-Info.plist in Resources */,
				AB3E165F1F128E490084E672 /* Assets.xcassets in Resources */,
				AB3E165D1F128E490084E672 /* Main.storyboard in Resources */,
			);
			runOnlyForDeploymentPostprocessing = 0;
		};
/* End PBXResourcesBuildPhase section */

/* Begin PBXShellScriptBuildPhase section */
		5717DAB21215086F7A14586A /* [CP] Copy Pods Resources */ = {
			isa = PBXShellScriptBuildPhase;
			buildActionMask = 2147483647;
			files = (
			);
			inputPaths = (
			);
			name = "[CP] Copy Pods Resources";
			outputPaths = (
			);
			runOnlyForDeploymentPostprocessing = 0;
			shellPath = /bin/sh;
			shellScript = "\"${SRCROOT}/Pods/Target Support Files/Pods-PhotoIdentifier/Pods-PhotoIdentifier-resources.sh\"\n";
			showEnvVarsInLog = 0;
		};
		7800D94700AD987C7DECD2D3 /* [CP] Check Pods Manifest.lock */ = {
			isa = PBXShellScriptBuildPhase;
			buildActionMask = 2147483647;
			files = (
			);
			inputPaths = (
			);
			name = "[CP] Check Pods Manifest.lock";
			outputPaths = (
			);
			runOnlyForDeploymentPostprocessing = 0;
			shellPath = /bin/sh;
			shellScript = "diff \"${PODS_ROOT}/../Podfile.lock\" \"${PODS_ROOT}/Manifest.lock\" > /dev/null\nif [ $? != 0 ] ; then\n    # print error to STDERR\n    echo \"error: The sandbox is not in sync with the Podfile.lock. Run 'pod install' or update your CocoaPods installation.\" >&2\n    exit 1\nfi\n";
			showEnvVarsInLog = 0;
		};
		8C88E29719040C3E311FC007 /* [CP] Embed Pods Frameworks */ = {
			isa = PBXShellScriptBuildPhase;
			buildActionMask = 2147483647;
			files = (
			);
			inputPaths = (
			);
			name = "[CP] Embed Pods Frameworks";
			outputPaths = (
			);
			runOnlyForDeploymentPostprocessing = 0;
			shellPath = /bin/sh;
			shellScript = "\"${SRCROOT}/Pods/Target Support Files/Pods-PhotoIdentifier/Pods-PhotoIdentifier-frameworks.sh\"\n";
			showEnvVarsInLog = 0;
		};
/* End PBXShellScriptBuildPhase section */

/* Begin PBXSourcesBuildPhase section */
		AB3E16501F128E490084E672 /* Sources */ = {
			isa = PBXSourcesBuildPhase;
			buildActionMask = 2147483647;
			files = (
				AB49667F1F16595200E54901 /* ResetPassWordViewController.swift in Sources */,
				AB1878F21F1848CC003C98D8 /* RoundView.swift in Sources */,
				AB49667B1F16593900E54901 /* LoginViewController.swift in Sources */,
				AB3E165A1F128E490084E672 /* ViewController.swift in Sources */,
				AB49667D1F16594300E54901 /* SignUpViewController.swift in Sources */,
				AB1878E11F18094A003C98D8 /* Constants.swift in Sources */,
				AB3E16581F128E490084E672 /* AppDelegate.swift in Sources */,
				AB1878E61F181B3D003C98D8 /* Post.swift in Sources */,
				AB1878DC1F180464003C98D8 /* Dataservice.swift in Sources */,
				AB1878E31F180FBB003C98D8 /* HistoryViewController.swift in Sources */,
				AB1878F01F182EFD003C98D8 /* TheCustomCell.swift in Sources */,
			);
			runOnlyForDeploymentPostprocessing = 0;
		};
/* End PBXSourcesBuildPhase section */

/* Begin PBXVariantGroup section */
		AB3E165B1F128E490084E672 /* Main.storyboard */ = {
			isa = PBXVariantGroup;
			children = (
				AB3E165C1F128E490084E672 /* Base */,
			);
			name = Main.storyboard;
			sourceTree = "<group>";
		};
		AB3E16601F128E490084E672 /* LaunchScreen.storyboard */ = {
			isa = PBXVariantGroup;
			children = (
				AB3E16611F128E490084E672 /* Base */,
			);
			name = LaunchScreen.storyboard;
			sourceTree = "<group>";
		};
/* End PBXVariantGroup section */

/* Begin XCBuildConfiguration section */
		AB3E16641F128E490084E672 /* Debug */ = {
			isa = XCBuildConfiguration;
			buildSettings = {
				ALWAYS_SEARCH_USER_PATHS = NO;
				CLANG_ANALYZER_NONNULL = YES;
				CLANG_CXX_LANGUAGE_STANDARD = "gnu++0x";
				CLANG_CXX_LIBRARY = "libc++";
				CLANG_ENABLE_MODULES = YES;
				CLANG_ENABLE_OBJC_ARC = YES;
				CLANG_WARN_BOOL_CONVERSION = YES;
				CLANG_WARN_CONSTANT_CONVERSION = YES;
				CLANG_WARN_DIRECT_OBJC_ISA_USAGE = YES_ERROR;
				CLANG_WARN_DOCUMENTATION_COMMENTS = YES;
				CLANG_WARN_EMPTY_BODY = YES;
				CLANG_WARN_ENUM_CONVERSION = YES;
				CLANG_WARN_INFINITE_RECURSION = YES;
				CLANG_WARN_INT_CONVERSION = YES;
				CLANG_WARN_OBJC_ROOT_CLASS = YES_ERROR;
				CLANG_WARN_SUSPICIOUS_MOVE = YES;
				CLANG_WARN_UNREACHABLE_CODE = YES;
				CLANG_WARN__DUPLICATE_METHOD_MATCH = YES;
				"CODE_SIGN_IDENTITY[sdk=iphoneos*]" = "iPhone Developer";
				COPY_PHASE_STRIP = NO;
				DEBUG_INFORMATION_FORMAT = dwarf;
				ENABLE_STRICT_OBJC_MSGSEND = YES;
				ENABLE_TESTABILITY = YES;
				GCC_C_LANGUAGE_STANDARD = gnu99;
				GCC_DYNAMIC_NO_PIC = NO;
				GCC_NO_COMMON_BLOCKS = YES;
				GCC_OPTIMIZATION_LEVEL = 0;
				GCC_PREPROCESSOR_DEFINITIONS = (
					"DEBUG=1",
					"$(inherited)",
				);
				GCC_WARN_64_TO_32_BIT_CONVERSION = YES;
				GCC_WARN_ABOUT_RETURN_TYPE = YES_ERROR;
				GCC_WARN_UNDECLARED_SELECTOR = YES;
				GCC_WARN_UNINITIALIZED_AUTOS = YES_AGGRESSIVE;
				GCC_WARN_UNUSED_FUNCTION = YES;
				GCC_WARN_UNUSED_VARIABLE = YES;
				IPHONEOS_DEPLOYMENT_TARGET = 10.2;
				MTL_ENABLE_DEBUG_INFO = YES;
				ONLY_ACTIVE_ARCH = YES;
				SDKROOT = iphoneos;
				SWIFT_ACTIVE_COMPILATION_CONDITIONS = DEBUG;
				SWIFT_OPTIMIZATION_LEVEL = "-Onone";
				TARGETED_DEVICE_FAMILY = "1,2";
			};
			name = Debug;
		};
		AB3E16651F128E490084E672 /* Release */ = {
			isa = XCBuildConfiguration;
			buildSettings = {
				ALWAYS_SEARCH_USER_PATHS = NO;
				CLANG_ANALYZER_NONNULL = YES;
				CLANG_CXX_LANGUAGE_STANDARD = "gnu++0x";
				CLANG_CXX_LIBRARY = "libc++";
				CLANG_ENABLE_MODULES = YES;
				CLANG_ENABLE_OBJC_ARC = YES;
				CLANG_WARN_BOOL_CONVERSION = YES;
				CLANG_WARN_CONSTANT_CONVERSION = YES;
				CLANG_WARN_DIRECT_OBJC_ISA_USAGE = YES_ERROR;
				CLANG_WARN_DOCUMENTATION_COMMENTS = YES;
				CLANG_WARN_EMPTY_BODY = YES;
				CLANG_WARN_ENUM_CONVERSION = YES;
				CLANG_WARN_INFINITE_RECURSION = YES;
				CLANG_WARN_INT_CONVERSION = YES;
				CLANG_WARN_OBJC_ROOT_CLASS = YES_ERROR;
				CLANG_WARN_SUSPICIOUS_MOVE = YES;
				CLANG_WARN_UNREACHABLE_CODE = YES;
				CLANG_WARN__DUPLICATE_METHOD_MATCH = YES;
				"CODE_SIGN_IDENTITY[sdk=iphoneos*]" = "iPhone Developer";
				COPY_PHASE_STRIP = NO;
				DEBUG_INFORMATION_FORMAT = "dwarf-with-dsym";
				ENABLE_NS_ASSERTIONS = NO;
				ENABLE_STRICT_OBJC_MSGSEND = YES;
				GCC_C_LANGUAGE_STANDARD = gnu99;
				GCC_NO_COMMON_BLOCKS = YES;
				GCC_WARN_64_TO_32_BIT_CONVERSION = YES;
				GCC_WARN_ABOUT_RETURN_TYPE = YES_ERROR;
				GCC_WARN_UNDECLARED_SELECTOR = YES;
				GCC_WARN_UNINITIALIZED_AUTOS = YES_AGGRESSIVE;
				GCC_WARN_UNUSED_FUNCTION = YES;
				GCC_WARN_UNUSED_VARIABLE = YES;
				IPHONEOS_DEPLOYMENT_TARGET = 10.2;
				MTL_ENABLE_DEBUG_INFO = NO;
				SDKROOT = iphoneos;
				SWIFT_OPTIMIZATION_LEVEL = "-Owholemodule";
				TARGETED_DEVICE_FAMILY = "1,2";
				VALIDATE_PRODUCT = YES;
			};
			name = Release;
		};
		AB3E16671F128E490084E672 /* Debug */ = {
			isa = XCBuildConfiguration;
			baseConfigurationReference = 0C8E70A7202F3664BA81F529 /* Pods-PhotoIdentifier.debug.xcconfig */;
			buildSettings = {
				ASSETCATALOG_COMPILER_APPICON_NAME = AppIcon;
				DEVELOPMENT_TEAM = LMZ6XS4843;
				INFOPLIST_FILE = PhotoIdentifier/Info.plist;
				LD_RUNPATH_SEARCH_PATHS = "$(inherited) @executable_path/Frameworks";
				PRODUCT_BUNDLE_IDENTIFIER = com.JoPila.PhotoIdentifier;
				PRODUCT_NAME = "$(TARGET_NAME)";
				SWIFT_VERSION = 3.0;
			};
			name = Debug;
		};
		AB3E16681F128E490084E672 /* Release */ = {
			isa = XCBuildConfiguration;
			baseConfigurationReference = 4B8B31374FF530BCFB01D211 /* Pods-PhotoIdentifier.release.xcconfig */;
			buildSettings = {
				ASSETCATALOG_COMPILER_APPICON_NAME = AppIcon;
				DEVELOPMENT_TEAM = LMZ6XS4843;
				INFOPLIST_FILE = PhotoIdentifier/Info.plist;
				LD_RUNPATH_SEARCH_PATHS = "$(inherited) @executable_path/Frameworks";
				PRODUCT_BUNDLE_IDENTIFIER = com.JoPila.PhotoIdentifier;
				PRODUCT_NAME = "$(TARGET_NAME)";
				SWIFT_VERSION = 3.0;
			};
			name = Release;
		};
/* End XCBuildConfiguration section */

/* Begin XCConfigurationList section */
		AB3E164F1F128E490084E672 /* Build configuration list for PBXProject "PhotoIdentifier" */ = {
			isa = XCConfigurationList;
			buildConfigurations = (
				AB3E16641F128E490084E672 /* Debug */,
				AB3E16651F128E490084E672 /* Release */,
			);
			defaultConfigurationIsVisible = 0;
			defaultConfigurationName = Release;
		};
		AB3E16661F128E490084E672 /* Build configuration list for PBXNativeTarget "PhotoIdentifier" */ = {
			isa = XCConfigurationList;
			buildConfigurations = (
				AB3E16671F128E490084E672 /* Debug */,
				AB3E16681F128E490084E672 /* Release */,
			);
			defaultConfigurationIsVisible = 0;
			defaultConfigurationName = Release;
		};
/* End XCConfigurationList section */
	};
	rootObject = AB3E164C1F128E490084E672 /* Project object */;
}
